
Microsoft Visual Studio Solution File, Format Version 12.00
# Visual Studio 2013
VisualStudioVersion = 12.0.20824.1
MinimumVisualStudioVersion = 10.0.40219.1
Project("{FAE04EC0-301F-11D3-BF4B-00C04F79EFBC}") = "Blizzard.Patcher", "Blizzard.Patcher\Blizzard.Patcher.csproj", "{E9FF5562-3DCD-47E6-BE87-B09960D76AC7}"
EndProject
Project("{FAE04EC0-301F-11D3-BF4B-00C04F79EFBC}") = "Blizzard.Patch", "Blizzard.Patch\Blizzard.Patch.csproj", "{52DA3B75-8FB5-4DC8-AACC-84198E7A3CCD}"
EndProject
Project("{FAE04EC0-301F-11D3-BF4B-00C04F79EFBC}") = "Blizzard.BatchPatcher", "Blizzard.BatchPatcher\Blizzard.BatchPatcher.csproj", "{1911DF4B-EE82-42A9-BD75-BF9F303C3DB8}"
EndProject
Global
	GlobalSection(SolutionConfigurationPlatforms) = preSolution
		Debug|Any CPU = Debug|Any CPU
		Release|Any CPU = Release|Any CPU
	EndGlobalSection
	GlobalSection(ProjectConfigurationPlatforms) = postSolution
		{E9FF5562-3DCD-47E6-BE87-B09960D76AC7}.Debug|Any CPU.ActiveCfg = Debug|Any CPU
		{E9FF5562-3DCD-47E6-BE87-B09960D76AC7}.Debug|Any CPU.Build.0 = Debug|Any CPU
		{E9FF5562-3DCD-47E6-BE87-B09960D76AC7}.Release|Any CPU.ActiveCfg = Release|Any CPU
		{E9FF5562-3DCD-47E6-BE87-B09960D76AC7}.Release|Any CPU.Build.0 = Release|Any CPU
		{52DA3B75-8FB5-4DC8-AACC-84198E7A3CCD}.Debug|Any CPU.ActiveCfg = Debug|Any CPU
		{52DA3B75-8FB5-4DC8-AACC-84198E7A3CCD}.Debug|Any CPU.Build.0 = Debug|Any CPU
		{52DA3B75-8FB5-4DC8-AACC-84198E7A3CCD}.Release|Any CPU.ActiveCfg = Release|Any CPU
		{52DA3B75-8FB5-4DC8-AACC-84198E7A3CCD}.Release|Any CPU.Build.0 = Release|Any CPU
		{1911DF4B-EE82-42A9-BD75-BF9F303C3DB8}.Debug|Any CPU.ActiveCfg = Debug|Any CPU
		{1911DF4B-EE82-42A9-BD75-BF9F303C3DB8}.Debug|Any CPU.Build.0 = Debug|Any CPU
		{1911DF4B-EE82-42A9-BD75-BF9F303C3DB8}.Release|Any CPU.ActiveCfg = Release|Any CPU
		{1911DF4B-EE82-42A9-BD75-BF9F303C3DB8}.Release|Any CPU.Build.0 = Release|Any CPU
	EndGlobalSection
	GlobalSection(SolutionProperties) = preSolution
		HideSolutionNode = FALSE
	EndGlobalSection
EndGlobal
