
Microsoft Visual Studio Solution File, Format Version 9.00
# Visual Studio 2005
Project("{FAE04EC0-301F-11D3-BF4B-00C04F79EFBC}") = "proxy_db_parser", "proxy_db_parser\proxy_db_parser.csproj", "{7FB3F1DD-29A7-4B1B-A24F-FDA50563C52E}"
EndProject
Global
	GlobalSection(DPCodeReviewSolutionGUID) = preSolution
		DPCodeReviewSolutionGUID = {00000000-0000-0000-0000-000000000000}
	EndGlobalSection
	GlobalSection(SolutionConfigurationPlatforms) = preSolution
		Debug|Any CPU = Debug|Any CPU
		Release|Any CPU = Release|Any CPU
	EndGlobalSection
	GlobalSection(ProjectConfigurationPlatforms) = postSolution
		{7FB3F1DD-29A7-4B1B-A24F-FDA50563C52E}.Debug|Any CPU.ActiveCfg = Debug|Any CPU
		{7FB3F1DD-29A7-4B1B-A24F-FDA50563C52E}.Debug|Any CPU.Build.0 = Debug|Any CPU
		{7FB3F1DD-29A7-4B1B-A24F-FDA50563C52E}.Release|Any CPU.ActiveCfg = Release|Any CPU
		{7FB3F1DD-29A7-4B1B-A24F-FDA50563C52E}.Release|Any CPU.Build.0 = Release|Any CPU
	EndGlobalSection
	GlobalSection(SolutionProperties) = preSolution
		HideSolutionNode = FALSE
	EndGlobalSection
EndGlobal
