
Microsoft Visual Studio Solution File, Format Version 10.00
# Visual Studio 2008
Project("{FAE04EC0-301F-11D3-BF4B-00C04F79EFBC}") = "a9_parser", "a9_parser\a9_parser.csproj", "{B985A905-920B-4B83-A50A-37A7D4974546}"
EndProject
Global
	GlobalSection(SolutionConfigurationPlatforms) = preSolution
		Debug|Any CPU = Debug|Any CPU
		Release|Any CPU = Release|Any CPU
	EndGlobalSection
	GlobalSection(ProjectConfigurationPlatforms) = postSolution
		{B985A905-920B-4B83-A50A-37A7D4974546}.Debug|Any CPU.ActiveCfg = Debug|Any CPU
		{B985A905-920B-4B83-A50A-37A7D4974546}.Debug|Any CPU.Build.0 = Debug|Any CPU
		{B985A905-920B-4B83-A50A-37A7D4974546}.Release|Any CPU.ActiveCfg = Release|Any CPU
		{B985A905-920B-4B83-A50A-37A7D4974546}.Release|Any CPU.Build.0 = Release|Any CPU
	EndGlobalSection
	GlobalSection(SolutionProperties) = preSolution
		HideSolutionNode = FALSE
	EndGlobalSection
EndGlobal
