
Microsoft Visual Studio Solution File, Format Version 9.00
# Visual Studio 2005
Project("{FAE04EC0-301F-11D3-BF4B-00C04F79EFBC}") = "log2bin", "log2bin\log2bin.csproj", "{1FC4D4C5-317F-4ECB-A666-0721BCFE5DDD}"
EndProject
Global
	GlobalSection(SolutionConfigurationPlatforms) = preSolution
		Debug|Any CPU = Debug|Any CPU
		Release|Any CPU = Release|Any CPU
	EndGlobalSection
	GlobalSection(ProjectConfigurationPlatforms) = postSolution
		{1FC4D4C5-317F-4ECB-A666-0721BCFE5DDD}.Debug|Any CPU.ActiveCfg = Debug|Any CPU
		{1FC4D4C5-317F-4ECB-A666-0721BCFE5DDD}.Debug|Any CPU.Build.0 = Debug|Any CPU
		{1FC4D4C5-317F-4ECB-A666-0721BCFE5DDD}.Release|Any CPU.ActiveCfg = Release|Any CPU
		{1FC4D4C5-317F-4ECB-A666-0721BCFE5DDD}.Release|Any CPU.Build.0 = Release|Any CPU
	EndGlobalSection
	GlobalSection(SolutionProperties) = preSolution
		HideSolutionNode = FALSE
	EndGlobalSection
EndGlobal
